
Microsoft Visual Studio Solution File, Format Version 12.00
# Visual Studio Version 17
VisualStudioVersion = 17.0.31903.59
MinimumVisualStudioVersion = 10.0.40219.1
Project("{2150E333-8FDC-42A3-9474-1A3956D46DE8}") = "src", "src", "{38DE1B79-E4FA-4936-AF67-82D9919938EF}"
EndProject
Project("{FAE04EC0-301F-11D3-BF4B-00C04F79EFBC}") = "API", "src\API\API.csproj", "{95ED41A0-5104-4289-9C6C-295C714EC170}"
EndProject
Project("{FAE04EC0-301F-11D3-BF4B-00C04F79EFBC}") = "Models", "src\Models\Models.csproj", "{EDFE1340-B7CB-49DD-B127-3B9F65C673D6}"
EndProject
Project("{FAE04EC0-301F-11D3-BF4B-00C04F79EFBC}") = "Managers", "src\Managers\Managers.csproj", "{A0DA0062-4F68-4884-8E43-C61B5B104033}"
EndProject
Project("{FAE04EC0-301F-11D3-BF4B-00C04F79EFBC}") = "Data", "src\Data\Data.csproj", "{57210809-1D7B-4D7E-A25E-51B13BA9AB18}"
EndProject
Project("{FAE04EC0-301F-11D3-BF4B-00C04F79EFBC}") = "Extensions", "src\Extensions\Extensions.csproj", "{D7C5A5A1-2CCE-4029-84A1-32EFD98A9E18}"
EndProject
Project("{FAE04EC0-301F-11D3-BF4B-00C04F79EFBC}") = "Services", "src\Services\Services.csproj", "{BBAE9DD3-E761-4091-A853-70522B3D26CE}"
EndProject
Project("{2150E333-8FDC-42A3-9474-1A3956D46DE8}") = "tests", "tests", "{3AA0A7C5-04FD-43C1-89F5-38BBF1E49C55}"
EndProject
Project("{FAE04EC0-301F-11D3-BF4B-00C04F79EFBC}") = "API.Tests", "tests\API.Tests\API.Tests.csproj", "{9D8C1B79-3B55-44E7-B93F-AE6716AAD3DC}"
EndProject
Project("{FAE04EC0-301F-11D3-BF4B-00C04F79EFBC}") = "Models.Tests", "tests\Models.Tests\Models.Tests.csproj", "{0B92D0D0-8B85-43AC-A193-6AA08D6E392E}"
EndProject
Project("{FAE04EC0-301F-11D3-BF4B-00C04F79EFBC}") = "Managers.Tests", "tests\Managers.Tests\Managers.Tests.csproj", "{B07D8E80-20C2-4D19-A02B-0C3FF49D779D}"
EndProject
Project("{FAE04EC0-301F-11D3-BF4B-00C04F79EFBC}") = "Data.Tests", "tests\Data.Tests\Data.Tests.csproj", "{85B8BFDA-9C48-4263-ABBE-389F7078874C}"
EndProject
Project("{FAE04EC0-301F-11D3-BF4B-00C04F79EFBC}") = "Extensions.Tests", "tests\Extensions.Tests\Extensions.Tests.csproj", "{55BAFD35-E9D5-4086-BD54-FD2E0515B49E}"
EndProject
Project("{FAE04EC0-301F-11D3-BF4B-00C04F79EFBC}") = "Services.Tests", "tests\Services.Tests\Services.Tests.csproj", "{08F0805C-A530-44B2-BFAC-53515A1BF227}"
EndProject
Global
	GlobalSection(SolutionConfigurationPlatforms) = preSolution
		Debug|Any CPU = Debug|Any CPU
		Release|Any CPU = Release|Any CPU
	EndGlobalSection
	GlobalSection(SolutionProperties) = preSolution
		HideSolutionNode = FALSE
	EndGlobalSection
	GlobalSection(ProjectConfigurationPlatforms) = postSolution
		{95ED41A0-5104-4289-9C6C-295C714EC170}.Debug|Any CPU.ActiveCfg = Debug|Any CPU
		{95ED41A0-5104-4289-9C6C-295C714EC170}.Debug|Any CPU.Build.0 = Debug|Any CPU
		{95ED41A0-5104-4289-9C6C-295C714EC170}.Release|Any CPU.ActiveCfg = Release|Any CPU
		{95ED41A0-5104-4289-9C6C-295C714EC170}.Release|Any CPU.Build.0 = Release|Any CPU
		{EDFE1340-B7CB-49DD-B127-3B9F65C673D6}.Debug|Any CPU.ActiveCfg = Debug|Any CPU
		{EDFE1340-B7CB-49DD-B127-3B9F65C673D6}.Debug|Any CPU.Build.0 = Debug|Any CPU
		{EDFE1340-B7CB-49DD-B127-3B9F65C673D6}.Release|Any CPU.ActiveCfg = Release|Any CPU
		{EDFE1340-B7CB-49DD-B127-3B9F65C673D6}.Release|Any CPU.Build.0 = Release|Any CPU
		{A0DA0062-4F68-4884-8E43-C61B5B104033}.Debug|Any CPU.ActiveCfg = Debug|Any CPU
		{A0DA0062-4F68-4884-8E43-C61B5B104033}.Debug|Any CPU.Build.0 = Debug|Any CPU
		{A0DA0062-4F68-4884-8E43-C61B5B104033}.Release|Any CPU.ActiveCfg = Release|Any CPU
		{A0DA0062-4F68-4884-8E43-C61B5B104033}.Release|Any CPU.Build.0 = Release|Any CPU
		{57210809-1D7B-4D7E-A25E-51B13BA9AB18}.Debug|Any CPU.ActiveCfg = Debug|Any CPU
		{57210809-1D7B-4D7E-A25E-51B13BA9AB18}.Debug|Any CPU.Build.0 = Debug|Any CPU
		{57210809-1D7B-4D7E-A25E-51B13BA9AB18}.Release|Any CPU.ActiveCfg = Release|Any CPU
		{57210809-1D7B-4D7E-A25E-51B13BA9AB18}.Release|Any CPU.Build.0 = Release|Any CPU
		{D7C5A5A1-2CCE-4029-84A1-32EFD98A9E18}.Debug|Any CPU.ActiveCfg = Debug|Any CPU
		{D7C5A5A1-2CCE-4029-84A1-32EFD98A9E18}.Debug|Any CPU.Build.0 = Debug|Any CPU
		{D7C5A5A1-2CCE-4029-84A1-32EFD98A9E18}.Release|Any CPU.ActiveCfg = Release|Any CPU
		{D7C5A5A1-2CCE-4029-84A1-32EFD98A9E18}.Release|Any CPU.Build.0 = Release|Any CPU
		{BBAE9DD3-E761-4091-A853-70522B3D26CE}.Debug|Any CPU.ActiveCfg = Debug|Any CPU
		{BBAE9DD3-E761-4091-A853-70522B3D26CE}.Debug|Any CPU.Build.0 = Debug|Any CPU
		{BBAE9DD3-E761-4091-A853-70522B3D26CE}.Release|Any CPU.ActiveCfg = Release|Any CPU
		{BBAE9DD3-E761-4091-A853-70522B3D26CE}.Release|Any CPU.Build.0 = Release|Any CPU
		{9D8C1B79-3B55-44E7-B93F-AE6716AAD3DC}.Debug|Any CPU.ActiveCfg = Debug|Any CPU
		{9D8C1B79-3B55-44E7-B93F-AE6716AAD3DC}.Debug|Any CPU.Build.0 = Debug|Any CPU
		{9D8C1B79-3B55-44E7-B93F-AE6716AAD3DC}.Release|Any CPU.ActiveCfg = Release|Any CPU
		{9D8C1B79-3B55-44E7-B93F-AE6716AAD3DC}.Release|Any CPU.Build.0 = Release|Any CPU
		{0B92D0D0-8B85-43AC-A193-6AA08D6E392E}.Debug|Any CPU.ActiveCfg = Debug|Any CPU
		{0B92D0D0-8B85-43AC-A193-6AA08D6E392E}.Debug|Any CPU.Build.0 = Debug|Any CPU
		{0B92D0D0-8B85-43AC-A193-6AA08D6E392E}.Release|Any CPU.ActiveCfg = Release|Any CPU
		{0B92D0D0-8B85-43AC-A193-6AA08D6E392E}.Release|Any CPU.Build.0 = Release|Any CPU
		{B07D8E80-20C2-4D19-A02B-0C3FF49D779D}.Debug|Any CPU.ActiveCfg = Debug|Any CPU
		{B07D8E80-20C2-4D19-A02B-0C3FF49D779D}.Debug|Any CPU.Build.0 = Debug|Any CPU
		{B07D8E80-20C2-4D19-A02B-0C3FF49D779D}.Release|Any CPU.ActiveCfg = Release|Any CPU
		{B07D8E80-20C2-4D19-A02B-0C3FF49D779D}.Release|Any CPU.Build.0 = Release|Any CPU
		{85B8BFDA-9C48-4263-ABBE-389F7078874C}.Debug|Any CPU.ActiveCfg = Debug|Any CPU
		{85B8BFDA-9C48-4263-ABBE-389F7078874C}.Debug|Any CPU.Build.0 = Debug|Any CPU
		{85B8BFDA-9C48-4263-ABBE-389F7078874C}.Release|Any CPU.ActiveCfg = Release|Any CPU
		{85B8BFDA-9C48-4263-ABBE-389F7078874C}.Release|Any CPU.Build.0 = Release|Any CPU
		{55BAFD35-E9D5-4086-BD54-FD2E0515B49E}.Debug|Any CPU.ActiveCfg = Debug|Any CPU
		{55BAFD35-E9D5-4086-BD54-FD2E0515B49E}.Debug|Any CPU.Build.0 = Debug|Any CPU
		{55BAFD35-E9D5-4086-BD54-FD2E0515B49E}.Release|Any CPU.ActiveCfg = Release|Any CPU
		{55BAFD35-E9D5-4086-BD54-FD2E0515B49E}.Release|Any CPU.Build.0 = Release|Any CPU
		{08F0805C-A530-44B2-BFAC-53515A1BF227}.Debug|Any CPU.ActiveCfg = Debug|Any CPU
		{08F0805C-A530-44B2-BFAC-53515A1BF227}.Debug|Any CPU.Build.0 = Debug|Any CPU
		{08F0805C-A530-44B2-BFAC-53515A1BF227}.Release|Any CPU.ActiveCfg = Release|Any CPU
		{08F0805C-A530-44B2-BFAC-53515A1BF227}.Release|Any CPU.Build.0 = Release|Any CPU
	EndGlobalSection
	GlobalSection(NestedProjects) = preSolution
		{95ED41A0-5104-4289-9C6C-295C714EC170} = {38DE1B79-E4FA-4936-AF67-82D9919938EF}
		{EDFE1340-B7CB-49DD-B127-3B9F65C673D6} = {38DE1B79-E4FA-4936-AF67-82D9919938EF}
		{A0DA0062-4F68-4884-8E43-C61B5B104033} = {38DE1B79-E4FA-4936-AF67-82D9919938EF}
		{57210809-1D7B-4D7E-A25E-51B13BA9AB18} = {38DE1B79-E4FA-4936-AF67-82D9919938EF}
		{D7C5A5A1-2CCE-4029-84A1-32EFD98A9E18} = {38DE1B79-E4FA-4936-AF67-82D9919938EF}
		{BBAE9DD3-E761-4091-A853-70522B3D26CE} = {38DE1B79-E4FA-4936-AF67-82D9919938EF}
		{9D8C1B79-3B55-44E7-B93F-AE6716AAD3DC} = {3AA0A7C5-04FD-43C1-89F5-38BBF1E49C55}
		{0B92D0D0-8B85-43AC-A193-6AA08D6E392E} = {3AA0A7C5-04FD-43C1-89F5-38BBF1E49C55}
		{B07D8E80-20C2-4D19-A02B-0C3FF49D779D} = {3AA0A7C5-04FD-43C1-89F5-38BBF1E49C55}
		{85B8BFDA-9C48-4263-ABBE-389F7078874C} = {3AA0A7C5-04FD-43C1-89F5-38BBF1E49C55}
		{55BAFD35-E9D5-4086-BD54-FD2E0515B49E} = {3AA0A7C5-04FD-43C1-89F5-38BBF1E49C55}
		{08F0805C-A530-44B2-BFAC-53515A1BF227} = {3AA0A7C5-04FD-43C1-89F5-38BBF1E49C55}
	EndGlobalSection
EndGlobal
